
Microsoft Visual Studio Solution File, Format Version 12.00
# Visual Studio Version 17
VisualStudioVersion = 17.6.33815.320
MinimumVisualStudioVersion = 10.0.40219.1
Project("{9A19103F-16F7-4668-BE54-9A1E7A4F7556}") = "Books.API", "Book.API\Books.API.csproj", "{3C889AE0-2BCA-4F6B-86C7-E09288C03BBB}"
EndProject
Project("{9A19103F-16F7-4668-BE54-9A1E7A4F7556}") = "Books.Core", "Book.Core\Books.Core.csproj", "{956828E5-E9BE-425C-8CB2-F550109D8EE2}"
EndProject
Project("{9A19103F-16F7-4668-BE54-9A1E7A4F7556}") = "Books.Data", "Book.Data\Books.Data.csproj", "{4C6B77C8-FB4B-4AEB-ABE6-30FC7D0E5F50}"
EndProject
Project("{9A19103F-16F7-4668-BE54-9A1E7A4F7556}") = "Books.Service", "Book.Service\Books.Service.csproj", "{81B6B2D7-68DD-4EF7-9509-02FB275930A0}"
EndProject
Project("{9A19103F-16F7-4668-BE54-9A1E7A4F7556}") = "Books.Test", "Book.Test\Books.Test.csproj", "{44583FFC-7CE9-4AB4-AAA8-BA7709A0798E}"
EndProject
Global
	GlobalSection(SolutionConfigurationPlatforms) = preSolution
		Debug|Any CPU = Debug|Any CPU
		Release|Any CPU = Release|Any CPU
	EndGlobalSection
	GlobalSection(ProjectConfigurationPlatforms) = postSolution
		{3C889AE0-2BCA-4F6B-86C7-E09288C03BBB}.Debug|Any CPU.ActiveCfg = Debug|Any CPU
		{3C889AE0-2BCA-4F6B-86C7-E09288C03BBB}.Debug|Any CPU.Build.0 = Debug|Any CPU
		{3C889AE0-2BCA-4F6B-86C7-E09288C03BBB}.Release|Any CPU.ActiveCfg = Release|Any CPU
		{3C889AE0-2BCA-4F6B-86C7-E09288C03BBB}.Release|Any CPU.Build.0 = Release|Any CPU
		{956828E5-E9BE-425C-8CB2-F550109D8EE2}.Debug|Any CPU.ActiveCfg = Debug|Any CPU
		{956828E5-E9BE-425C-8CB2-F550109D8EE2}.Debug|Any CPU.Build.0 = Debug|Any CPU
		{956828E5-E9BE-425C-8CB2-F550109D8EE2}.Release|Any CPU.ActiveCfg = Release|Any CPU
		{956828E5-E9BE-425C-8CB2-F550109D8EE2}.Release|Any CPU.Build.0 = Release|Any CPU
		{4C6B77C8-FB4B-4AEB-ABE6-30FC7D0E5F50}.Debug|Any CPU.ActiveCfg = Debug|Any CPU
		{4C6B77C8-FB4B-4AEB-ABE6-30FC7D0E5F50}.Debug|Any CPU.Build.0 = Debug|Any CPU
		{4C6B77C8-FB4B-4AEB-ABE6-30FC7D0E5F50}.Release|Any CPU.ActiveCfg = Release|Any CPU
		{4C6B77C8-FB4B-4AEB-ABE6-30FC7D0E5F50}.Release|Any CPU.Build.0 = Release|Any CPU
		{81B6B2D7-68DD-4EF7-9509-02FB275930A0}.Debug|Any CPU.ActiveCfg = Debug|Any CPU
		{81B6B2D7-68DD-4EF7-9509-02FB275930A0}.Debug|Any CPU.Build.0 = Debug|Any CPU
		{81B6B2D7-68DD-4EF7-9509-02FB275930A0}.Release|Any CPU.ActiveCfg = Release|Any CPU
		{81B6B2D7-68DD-4EF7-9509-02FB275930A0}.Release|Any CPU.Build.0 = Release|Any CPU
		{44583FFC-7CE9-4AB4-AAA8-BA7709A0798E}.Debug|Any CPU.ActiveCfg = Debug|Any CPU
		{44583FFC-7CE9-4AB4-AAA8-BA7709A0798E}.Debug|Any CPU.Build.0 = Debug|Any CPU
		{44583FFC-7CE9-4AB4-AAA8-BA7709A0798E}.Release|Any CPU.ActiveCfg = Release|Any CPU
		{44583FFC-7CE9-4AB4-AAA8-BA7709A0798E}.Release|Any CPU.Build.0 = Release|Any CPU
	EndGlobalSection
	GlobalSection(SolutionProperties) = preSolution
		HideSolutionNode = FALSE
	EndGlobalSection
	GlobalSection(ExtensibilityGlobals) = postSolution
		SolutionGuid = {683AF843-23A4-43CA-8615-90FA3E308B4C}
	EndGlobalSection
EndGlobal
